<?xml version="1.0" encoding="utf-8"?>
<Project ToolsVersion="4.0" xmlns="http://schemas.microsoft.com/developer/msbuild/2003">
  <ItemGroup>
    <Filter Include="Source Files">
      <UniqueIdentifier>{4FC737F1-C7A5-4376-A066-2A32D752A2FF}</UniqueIdentifier>
      <Extensions>cpp;c;cc;cxx;def;odl;idl;hpj;bat;asm;asmx</Extensions>
    </Filter>
    <Filter Include="Source Files\Application">
      <UniqueIdentifier>{4a324388-bea8-423a-bc50-ccdf2fef915c}</UniqueIdentifier>
    </Filter>
    <Filter Include="Source Files\Interface">
      <UniqueIdentifier>{c6bd3f9c-d667-48a1-8aae-154a5de4c711}</UniqueIdentifier>
    </Filter>
    <Filter Include="Source Files\Configuration">
      <UniqueIdentifier>{d4ef3242-13cf-45e7-a434-bdabacf4a324}</UniqueIdentifier>
    </Filter>
    <Filter Include="Source Files\Arbre">
      <UniqueIdentifier>{7472a721-0254-4bca-944a-d230f0ffb5ea}</UniqueIdentifier>
    </Filter>
    <Filter Include="Source Files\Arbre\Usines">
      <UniqueIdentifier>{ad5ae0d0-5415-47db-a98a-9a074962b455}</UniqueIdentifier>
    </Filter>
    <Filter Include="Source Files\Arbre\Noeuds">
      <UniqueIdentifier>{673b2491-ee8e-448a-877c-dcffa5036e36}</UniqueIdentifier>
    </Filter>
    <Filter Include="Header Files">
      <UniqueIdentifier>{93995380-89BD-4b04-88EB-625FBE52EBFB}</UniqueIdentifier>
      <Extensions>h;hpp;hxx;hm;inl;inc;xsd</Extensions>
    </Filter>
    <Filter Include="Header Files\Application">
      <UniqueIdentifier>{c845f3fe-60ec-4b69-870e-1b94806be78e}</UniqueIdentifier>
    </Filter>
    <Filter Include="Header Files\Configuration">
      <UniqueIdentifier>{737950f1-92e0-48cc-99df-484ed3bae29b}</UniqueIdentifier>
    </Filter>
    <Filter Include="Header Files\Arbre">
      <UniqueIdentifier>{824db547-4831-4bb7-b7f2-70d05299ed49}</UniqueIdentifier>
    </Filter>
    <Filter Include="Header Files\Arbre\Usines">
      <UniqueIdentifier>{2d7e83f6-88e0-4835-a145-53a4c662829e}</UniqueIdentifier>
    </Filter>
    <Filter Include="Header Files\Arbre\Noeuds">
      <UniqueIdentifier>{adf7252c-e0c2-4e7e-9194-a254f846e61d}</UniqueIdentifier>
    </Filter>
    <Filter Include="Resource Files">
      <UniqueIdentifier>{67DA6AB6-F800-4c08-8B7A-83BB121AAD01}</UniqueIdentifier>
      <Extensions>rc;ico;cur;bmp;dlg;rc2;rct;bin;rgs;gif;jpg;jpeg;jpe;resx;tiff;tif;png;wav</Extensions>
    </Filter>
    <Filter Include="Header Files\Tests">
      <UniqueIdentifier>{0dbbcffd-49b5-4878-a09c-22650c7a5093}</UniqueIdentifier>
    </Filter>
    <Filter Include="Source Files\Tests">
      <UniqueIdentifier>{d13df2a5-057c-4e3f-b7b4-d458ca9ae3b6}</UniqueIdentifier>
    </Filter>
    <Filter Include="Header Files\MachineAEtats">
      <UniqueIdentifier>{48f0b7e7-fdbd-4be6-91ff-baed38fc0647}</UniqueIdentifier>
    </Filter>
    <Filter Include="Source Files\MachineAEtats">
      <UniqueIdentifier>{407dfefc-fb04-44e6-8113-adada4c82f72}</UniqueIdentifier>
    </Filter>
    <Filter Include="Header Files\Visiteur">
      <UniqueIdentifier>{a16986f4-afe7-4f55-9e18-ba69b5acbc13}</UniqueIdentifier>
    </Filter>
    <Filter Include="Source Files\Visiteur">
      <UniqueIdentifier>{2fad78a4-29b7-4c18-9af9-dada4c0963c0}</UniqueIdentifier>
    </Filter>
    <Filter Include="Header Files\MachineAModes">
      <UniqueIdentifier>{466be5c9-3bec-481f-b206-4bd812a4e86a}</UniqueIdentifier>
    </Filter>
    <Filter Include="Source Files\MachineAMode">
      <UniqueIdentifier>{09293064-47cf-4e37-b7ff-074d481561cd}</UniqueIdentifier>
    </Filter>
    <Filter Include="Header Files\Arbre\Interface">
      <UniqueIdentifier>{6c8e2c48-de9f-4091-bc76-fed408577f6f}</UniqueIdentifier>
    </Filter>
  </ItemGroup>
  <ItemGroup>
    <ClCompile Include="Application\FacadeModele.cpp">
      <Filter>Source Files\Application</Filter>
    </ClCompile>
    <ClCompile Include="Configuration\ConfigScene.cpp">
      <Filter>Source Files\Configuration</Filter>
    </ClCompile>
    <ClCompile Include="Arbre\ArbreRendu.cpp">
      <Filter>Source Files\Arbre</Filter>
    </ClCompile>
    <ClCompile Include="Arbre\ArbreRenduINF2990.cpp">
      <Filter>Source Files\Arbre</Filter>
    </ClCompile>
    <ClCompile Include="Arbre\Noeuds\NoeudAbstrait.cpp">
      <Filter>Source Files\Arbre\Noeuds</Filter>
    </ClCompile>
    <ClCompile Include="Arbre\Noeuds\NoeudComposite.cpp">
      <Filter>Source Files\Arbre\Noeuds</Filter>
    </ClCompile>
    <ClCompile Include="Arbre\Noeuds\NoeudAraignee.cpp">
      <Filter>Source Files\Arbre\Noeuds</Filter>
    </ClCompile>
    <ClCompile Include="Arbre\Noeuds\NoeudConeCube.cpp">
      <Filter>Source Files\Arbre\Noeuds</Filter>
    </ClCompile>
    <ClCompile Include="Tests\ConfigSceneTest.cpp">
      <Filter>Source Files\Tests</Filter>
    </ClCompile>
    <ClCompile Include="Tests\NoeudAbstraitTest.cpp">
      <Filter>Source Files\Tests</Filter>
    </ClCompile>
    <ClCompile Include="Tests\BancTests.cpp">
      <Filter>Source Files\Tests</Filter>
    </ClCompile>
    <ClCompile Include="Interface\FacadeInterfaceNative.cpp">
      <Filter>Source Files\Interface</Filter>
    </ClCompile>
    <ClCompile Include="Arbre\Noeuds\NoeudRobot.cpp">
      <Filter>Source Files\Arbre\Noeuds</Filter>
    </ClCompile>
    <ClCompile Include="MachineAEtats\EtatAbstrait.cpp">
      <Filter>Source Files\MachineAEtats</Filter>
    </ClCompile>
    <ClCompile Include="MachineAEtats\EtatCreationLigneNoire.cpp">
      <Filter>Source Files\MachineAEtats</Filter>
    </ClCompile>
    <ClCompile Include="MachineAEtats\EtatCreationMur.cpp">
      <Filter>Source Files\MachineAEtats</Filter>
    </ClCompile>
    <ClCompile Include="MachineAEtats\EtatCreationPoteau.cpp">
      <Filter>Source Files\MachineAEtats</Filter>
    </ClCompile>
    <ClCompile Include="MachineAEtats\EtatDeplacement.cpp">
      <Filter>Source Files\MachineAEtats</Filter>
    </ClCompile>
    <ClCompile Include="MachineAEtats\EtatDuplication.cpp">
      <Filter>Source Files\MachineAEtats</Filter>
    </ClCompile>
    <ClCompile Include="MachineAEtats\EtatMiseAEchelle.cpp">
      <Filter>Source Files\MachineAEtats</Filter>
    </ClCompile>
    <ClCompile Include="MachineAEtats\EtatRotation.cpp">
      <Filter>Source Files\MachineAEtats</Filter>
    </ClCompile>
    <ClCompile Include="MachineAEtats\EtatSelection.cpp">
      <Filter>Source Files\MachineAEtats</Filter>
    </ClCompile>
    <ClCompile Include="Arbre\Noeuds\NoeudTable.cpp">
      <Filter>Source Files</Filter>
      <Filter>Source Files\Arbre\Noeuds</Filter>
    </ClCompile>
    <ClCompile Include="Visiteur\VisteurAbstrait.cpp">
      <Filter>Source Files\Visiteur</Filter>
    </ClCompile>
    <ClCompile Include="Arbre\Noeuds\NoeudLigneNoire.cpp">
      <Filter>Source Files\Arbre\Noeuds</Filter>
    </ClCompile>
    <ClCompile Include="Arbre\Noeuds\NoeudMur.cpp">
      <Filter>Source Files\Arbre\Noeuds</Filter>
    </ClCompile>
    <ClCompile Include="Arbre\Noeuds\NoeudPoteau.cpp">
      <Filter>Source Files\Arbre\Noeuds</Filter>
    </ClCompile>
    <ClCompile Include="Visiteur\VisiteurCreationPoteau.cpp">
      <Filter>Source Files\Visiteur</Filter>
    </ClCompile>
    <ClCompile Include="Visiteur\VisiteurCreationMur.cpp">
      <Filter>Source Files\Visiteur</Filter>
    </ClCompile>
    <ClCompile Include="Visiteur\VisiteurCreationLigne.cpp">
      <Filter>Source Files\Visiteur</Filter>
    </ClCompile>
    <ClCompile Include="Visiteur\VisiteurSelection.cpp">
      <Filter>Source Files\Visiteur</Filter>
    </ClCompile>
    <ClCompile Include="Arbre\Noeuds\NoeudSegment.cpp">
      <Filter>Source Files\Arbre\Noeuds</Filter>
    </ClCompile>
    <ClCompile Include="Visiteur\VisiteurRotation.cpp">
      <Filter>Source Files\Visiteur</Filter>
    </ClCompile>
    <ClCompile Include="Arbre\Noeuds\NoeudDuplication.cpp">
      <Filter>Source Files\Arbre\Noeuds</Filter>
    </ClCompile>
    <ClCompile Include="Visiteur\VisiteurDuplication.cpp">
      <Filter>Source Files\Visiteur</Filter>
    </ClCompile>
    <ClCompile Include="MachineAModes\ModeAbstrait.cpp">
      <Filter>Source Files\MachineAMode</Filter>
    </ClCompile>
    <ClCompile Include="MachineAModes\ModeConfigure.cpp">
      <Filter>Source Files\MachineAMode</Filter>
    </ClCompile>
    <ClCompile Include="MachineAModes\ModeEdition.cpp">
      <Filter>Source Files\MachineAMode</Filter>
    </ClCompile>
    <ClCompile Include="MachineAModes\ModeMenuPrincipal.cpp">
      <Filter>Source Files\MachineAMode</Filter>
    </ClCompile>
    <ClCompile Include="MachineAModes\ModeSimulation.cpp">
      <Filter>Source Files\MachineAMode</Filter>
    </ClCompile>
    <ClCompile Include="MachineAModes\ModeTest.cpp">
      <Filter>Source Files\MachineAMode</Filter>
    </ClCompile>
    <ClCompile Include="Visiteur\VisiteurDeplacement.cpp">
      <Filter>Source Files\Visiteur</Filter>
    </ClCompile>
    <ClCompile Include="Visiteur\VisiteurMiseAEchelle.cpp">
      <Filter>Source Files\Visiteur</Filter>
	</ClCompile>
    <ClCompile Include="MachineAEtats\EtatLoupe.cpp">
      <Filter>Source Files\MachineAEtats</Filter>
    </ClCompile>
    <ClCompile Include="Visiteur\VisiteurVerificationObjets.cpp">
      <Filter>Source Files\Visiteur</Filter>
    </ClCompile>
  </ItemGroup>
  <ItemGroup>
    <ClInclude Include="Application\FacadeModele.h">
      <Filter>Header Files\Application</Filter>
    </ClInclude>
    <ClInclude Include="Configuration\ConfigScene.h">
      <Filter>Header Files\Configuration</Filter>
    </ClInclude>
    <ClInclude Include="Arbre\ArbreRendu.h">
      <Filter>Header Files\Arbre</Filter>
    </ClInclude>
    <ClInclude Include="Arbre\ArbreRenduINF2990.h">
      <Filter>Header Files\Arbre</Filter>
    </ClInclude>
    <ClInclude Include="Arbre\Usines\UsineNoeud.h">
      <Filter>Header Files\Arbre\Usines</Filter>
    </ClInclude>
    <ClInclude Include="Arbre\Noeuds\NoeudAbstrait.h">
      <Filter>Header Files\Arbre\Noeuds</Filter>
    </ClInclude>
    <ClInclude Include="Arbre\Noeuds\NoeudComposite.h">
      <Filter>Header Files\Arbre\Noeuds</Filter>
    </ClInclude>
    <ClInclude Include="Arbre\Noeuds\NoeudAraignee.h">
      <Filter>Header Files\Arbre\Noeuds</Filter>
    </ClInclude>
    <ClInclude Include="Arbre\Noeuds\NoeudConeCube.h">
      <Filter>Header Files\Arbre\Noeuds</Filter>
    </ClInclude>
    <ClInclude Include="Tests\ConfigSceneTest.h">
      <Filter>Header Files\Tests</Filter>
    </ClInclude>
    <ClInclude Include="Tests\NoeudAbstraitTest.h">
      <Filter>Header Files\Tests</Filter>
    </ClInclude>
    <ClInclude Include="Tests\BancTests.h">
      <Filter>Header Files\Tests</Filter>
    </ClInclude>
    <ClInclude Include="Interface\FacadeInterfaceNative.h">
      <Filter>Header Files\Arbre\Interface</Filter>
    </ClInclude>
    <ClInclude Include="Arbre\Noeuds\NoeudTypes.h">
      <Filter>Header Files\Arbre\Noeuds</Filter>
    </ClInclude>
    <ClInclude Include="Arbre\Noeuds\NoeudRobot.h">
      <Filter>Header Files\Arbre\Noeuds</Filter>
    </ClInclude>
    <ClInclude Include="MachineAEtats\EtatAbstrait.h">
      <Filter>Header Files\MachineAEtats</Filter>
    </ClInclude>
    <ClInclude Include="MachineAEtats\EtatCreationLigneNoire.h">
      <Filter>Header Files\MachineAEtats</Filter>
    </ClInclude>
    <ClInclude Include="MachineAEtats\EtatCreationMur.h">
      <Filter>Header Files\MachineAEtats</Filter>
    </ClInclude>
    <ClInclude Include="MachineAEtats\EtatCreationPoteau.h">
      <Filter>Header Files\MachineAEtats</Filter>
    </ClInclude>
    <ClInclude Include="MachineAEtats\EtatDeplacement.h">
      <Filter>Header Files\MachineAEtats</Filter>
    </ClInclude>
    <ClInclude Include="MachineAEtats\EtatDuplication.h">
      <Filter>Header Files\MachineAEtats</Filter>
    </ClInclude>
    <ClInclude Include="MachineAEtats\EtatMiseAEchelle.h">
      <Filter>Header Files\MachineAEtats</Filter>
    </ClInclude>
    <ClInclude Include="MachineAEtats\EtatRotation.h">
      <Filter>Header Files\MachineAEtats</Filter>
    </ClInclude>
    <ClInclude Include="MachineAEtats\EtatSelection.h">
      <Filter>Header Files\MachineAEtats</Filter>
    </ClInclude>
    <ClInclude Include="Arbre\Noeuds\NoeudTable.h">
      <Filter>Header Files</Filter>
    </ClInclude>
    <ClInclude Include="MachineAEtats\EtatTypes.h">
      <Filter>Header Files\MachineAEtats</Filter>
    </ClInclude>
    <ClInclude Include="Arbre\Noeuds\NoeudTable.h">
      <Filter>Header Files\Arbre\Noeuds</Filter>
    </ClInclude>
    <ClInclude Include="Visiteur\VisiteurAbstrait.h">
      <Filter>Header Files\Visiteur</Filter>
    </ClInclude>
    <ClInclude Include="Arbre\Noeuds\NoeudLigneNoire.h">
      <Filter>Header Files\Arbre\Noeuds</Filter>
    </ClInclude>
    <ClInclude Include="Arbre\Noeuds\NoeudMur.h">
      <Filter>Header Files\Arbre\Noeuds</Filter>
    </ClInclude>
    <ClInclude Include="Arbre\Noeuds\NoeudPoteau.h">
      <Filter>Header Files\Arbre\Noeuds</Filter>
    </ClInclude>
    <ClInclude Include="Visiteur\VisiteurCreationPoteau.h">
      <Filter>Header Files\Visiteur</Filter>
    </ClInclude>
    <ClInclude Include="Visiteur\VisiteurTypes.h">
      <Filter>Header Files\Visiteur</Filter>
    </ClInclude>
    <ClInclude Include="Visiteur\VisiteurCreationMur.h">
      <Filter>Header Files\Visiteur</Filter>
    </ClInclude>
    <ClInclude Include="Visiteur\VisiteurCreationLigne.h">
      <Filter>Header Files\Visiteur</Filter>
    </ClInclude>
    <ClInclude Include="Visiteur\VisiteurSelection.h">
      <Filter>Header Files\Visiteur</Filter>
    </ClInclude>
    <ClInclude Include="Arbre\Noeuds\NoeudSegment.h">
      <Filter>Header Files\Arbre\Noeuds</Filter>
    </ClInclude>
    <ClInclude Include="Visiteur\VisiteurRotation.h">
      <Filter>Header Files\Visiteur</Filter>
    </ClInclude>
    <ClInclude Include="MachineAModes\ModeAbstrait.h">
      <Filter>Header Files\MachineAModes</Filter>
    </ClInclude>
    <ClInclude Include="MachineAModes\ModeConfigure.h">
      <Filter>Header Files\MachineAModes</Filter>
    </ClInclude>
    <ClInclude Include="MachineAModes\ModeEdition.h">
      <Filter>Header Files\MachineAModes</Filter>
    </ClInclude>
    <ClInclude Include="MachineAModes\ModeMenuPrincipal.h">
      <Filter>Header Files\MachineAModes</Filter>
    </ClInclude>
    <ClInclude Include="MachineAModes\ModeSimulation.h">
      <Filter>Header Files\MachineAModes</Filter>
    </ClInclude>
    <ClInclude Include="MachineAModes\ModeTest.h">
      <Filter>Header Files\MachineAModes</Filter>
    </ClInclude>
    <ClInclude Include="MachineAModes\ModeTypes.h">
      <Filter>Header Files\MachineAModes</Filter>
    </ClInclude>
    <ClInclude Include="Arbre\Noeuds\NoeudDuplication.h">
      <Filter>Header Files\Arbre\Noeuds</Filter>
    </ClInclude>
    <ClInclude Include="Visiteur\VisiteurDuplication.h">
      <Filter>Header Files\Visiteur</Filter>
    </ClInclude>
    <ClInclude Include="Arbre\Noeuds\NoeudTable.h">
      <Filter>Header Files\Arbre\Noeuds</Filter>
    </ClInclude>
    <ClInclude Include="Visiteur\VisiteurDeplacement.h">
      <Filter>Header Files\Visiteur</Filter>
    </ClInclude>
    <ClInclude Include="Visiteur\VisiteurMiseAEchelle.h">
      <Filter>Header Files\Visiteur</Filter>
	</ClInclude>
    <ClInclude Include="MachineAEtats\EtatLoupe.h">
      <Filter>Header Files\MachineAEtats</Filter>
    </ClInclude>
    <ClInclude Include="Visiteur\VisiteurVerificationObjets.h">
      <Filter>Header Files\Visiteur</Filter>
    </ClInclude>
  </ItemGroup>
</Project>