PODS:
  - JSQMessagesViewController (7.3.4):
    - JSQSystemSoundPlayer (~> 2.0.1)
  - JSQSystemSoundPlayer (2.0.1)
  - SideMenu (2.1.5)

DEPENDENCIES:
  - JSQMessagesViewController
  - SideMenu

SPEC CHECKSUMS:
  JSQMessagesViewController: 39fed975e3c9f8eba7292071e29eeb541d105e66
  JSQSystemSoundPlayer: c5850e77a4363ffd374cd851154b9af93264ed8d
  SideMenu: bcd2d7b7d4395af088e213cebd11c3ac7d958f5a

PODFILE CHECKSUM: 1e9606d0d82725f4a33652aaa34ea451baf6e8e4

COCOAPODS: 1.1.1
