// !$*UTF8*$!
{
	archiveVersion = 1;
	classes = {
	};
	objectVersion = 46;
	objects = {

/* Begin PBXBuildFile section */
		4E670EFB0FAD317C20BA1131 /* Pods_chatAppUITests.framework in Frameworks */ = {isa = PBXBuildFile; fileRef = 9616EFB5DD781E00C1391283 /* Pods_chatAppUITests.framework */; };
		5C032B7A1E34199400C2416B /* cell.xib in Resources */ = {isa = PBXBuildFile; fileRef = 5C032B791E34199400C2416B /* cell.xib */; };
		5C032B861E34484700C2416B /* Conversation.swift in Sources */ = {isa = PBXBuildFile; fileRef = 5C032B851E34484700C2416B /* Conversation.swift */; };
		5C032B881E34485A00C2416B /* DemoConversation.swift in Sources */ = {isa = PBXBuildFile; fileRef = 5C032B871E34485A00C2416B /* DemoConversation.swift */; };
		5C08445E1E2F1B820049DD84 /* CustomMessagesCollectionViewCellIncoming.swift in Sources */ = {isa = PBXBuildFile; fileRef = 5C08445D1E2F1B820049DD84 /* CustomMessagesCollectionViewCellIncoming.swift */; };
		5C1041431E2F08240093782A /* Main.storyboard in Resources */ = {isa = PBXBuildFile; fileRef = 5C1041421E2F08240093782A /* Main.storyboard */; };
		5C3B17881E332BC3004D92EB /* CustomMessagesCollectionViewCellOutgoing.swift in Sources */ = {isa = PBXBuildFile; fileRef = 5C3B17871E332BC3004D92EB /* CustomMessagesCollectionViewCellOutgoing.swift */; };
		5C79FD0E1E4252F800339C25 /* DatagramSender.swift in Sources */ = {isa = PBXBuildFile; fileRef = 5C79FD0D1E4252F800339C25 /* DatagramSender.swift */; };
		5C79FD121E4258A900339C25 /* ChatDelegator.swift in Sources */ = {isa = PBXBuildFile; fileRef = 5C79FD111E4258A900339C25 /* ChatDelegator.swift */; };
		5C79FD141E42702900339C25 /* NotificationsNames.swift in Sources */ = {isa = PBXBuildFile; fileRef = 5C79FD131E42702900339C25 /* NotificationsNames.swift */; };
		5C80BB6F1E32F7B900E0C3FA /* ConnectionViewController.swift in Sources */ = {isa = PBXBuildFile; fileRef = 5C80BB6E1E32F7B900E0C3FA /* ConnectionViewController.swift */; };
		5C9058701E4A9AEE005D2BBA /* ChatManager.swift in Sources */ = {isa = PBXBuildFile; fileRef = 5C90586F1E4A9AEE005D2BBA /* ChatManager.swift */; };
		5CCE09161E4B5E3F007A121E /* chatApp-iOS.h in Headers */ = {isa = PBXBuildFile; fileRef = 5CCE09141E4B5E3F007A121E /* chatApp-iOS.h */; settings = {ATTRIBUTES = (Public, ); }; };
		5CCE09191E4B5E3F007A121E /* chatApp.framework in Frameworks */ = {isa = PBXBuildFile; fileRef = 5CCE09121E4B5E3F007A121E /* chatApp.framework */; };
		5CCE091A1E4B5E3F007A121E /* chatApp.framework in Embed Frameworks */ = {isa = PBXBuildFile; fileRef = 5CCE09121E4B5E3F007A121E /* chatApp.framework */; settings = {ATTRIBUTES = (CodeSignOnCopy, RemoveHeadersOnCopy, ); }; };
		5CCE091F1E4B5EFA007A121E /* ChatUsersListViewController.swift in Sources */ = {isa = PBXBuildFile; fileRef = 5CDAF55B1E4AC57B008EEB14 /* ChatUsersListViewController.swift */; };
		5CDAF55C1E4AC57B008EEB14 /* ChatUsersListViewController.swift in Sources */ = {isa = PBXBuildFile; fileRef = 5CDAF55B1E4AC57B008EEB14 /* ChatUsersListViewController.swift */; };
		5CE0209F1E2EC8F2001D696B /* AppDelegate.swift in Sources */ = {isa = PBXBuildFile; fileRef = 5CE0209E1E2EC8F2001D696B /* AppDelegate.swift */; };
		5CE020A11E2EC8F2001D696B /* ChatViewController.swift in Sources */ = {isa = PBXBuildFile; fileRef = 5CE020A01E2EC8F2001D696B /* ChatViewController.swift */; };
		5CE020A61E2EC8F2001D696B /* Assets.xcassets in Resources */ = {isa = PBXBuildFile; fileRef = 5CE020A51E2EC8F2001D696B /* Assets.xcassets */; };
		5CE020A91E2EC8F2001D696B /* LaunchScreen.storyboard in Resources */ = {isa = PBXBuildFile; fileRef = 5CE020A71E2EC8F2001D696B /* LaunchScreen.storyboard */; };
		5CE020B41E2EC8F2001D696B /* chatAppTests.swift in Sources */ = {isa = PBXBuildFile; fileRef = 5CE020B31E2EC8F2001D696B /* chatAppTests.swift */; };
		5CE020BF1E2EC8F2001D696B /* chatAppUITests.swift in Sources */ = {isa = PBXBuildFile; fileRef = 5CE020BE1E2EC8F2001D696B /* chatAppUITests.swift */; };
		5CE1BEC21E496948006DB6C0 /* lock.swift in Sources */ = {isa = PBXBuildFile; fileRef = 5CE1BEC11E496948006DB6C0 /* lock.swift */; };
		5CE591491E3404E4004158F4 /* CustomMessageView.xib in Resources */ = {isa = PBXBuildFile; fileRef = 5CE591481E3404E4004158F4 /* CustomMessageView.xib */; };
		5CE5914B1E3408B8004158F4 /* CustomMessagesCollectionViewCell.swift in Sources */ = {isa = PBXBuildFile; fileRef = 5CE5914A1E3408B8004158F4 /* CustomMessagesCollectionViewCell.swift */; };
		5CEC55891E3FE42C00A42F47 /* icons in Resources */ = {isa = PBXBuildFile; fileRef = 5CEC55881E3FE42C00A42F47 /* icons */; };
		A5CB6AB271321CB7BB42F9CC /* Pods_chatAppTests.framework in Frameworks */ = {isa = PBXBuildFile; fileRef = F71B4E6F7153B8D12D5F594F /* Pods_chatAppTests.framework */; };
		D69B7D1FB6BF5A48A878B0BD /* Pods_chatApp.framework in Frameworks */ = {isa = PBXBuildFile; fileRef = 948ABF0A9EE5B4DD60A7074A /* Pods_chatApp.framework */; };
/* End PBXBuildFile section */

/* Begin PBXContainerItemProxy section */
		5CCE09171E4B5E3F007A121E /* PBXContainerItemProxy */ = {
			isa = PBXContainerItemProxy;
			containerPortal = 5CE020931E2EC8F2001D696B /* Project object */;
			proxyType = 1;
			remoteGlobalIDString = 5CCE09111E4B5E3F007A121E;
			remoteInfo = "chatApp-iOS";
		};
		5CE020B01E2EC8F2001D696B /* PBXContainerItemProxy */ = {
			isa = PBXContainerItemProxy;
			containerPortal = 5CE020931E2EC8F2001D696B /* Project object */;
			proxyType = 1;
			remoteGlobalIDString = 5CE0209A1E2EC8F2001D696B;
			remoteInfo = chatApp;
		};
		5CE020BB1E2EC8F2001D696B /* PBXContainerItemProxy */ = {
			isa = PBXContainerItemProxy;
			containerPortal = 5CE020931E2EC8F2001D696B /* Project object */;
			proxyType = 1;
			remoteGlobalIDString = 5CE0209A1E2EC8F2001D696B;
			remoteInfo = chatApp;
		};
/* End PBXContainerItemProxy section */

/* Begin PBXCopyFilesBuildPhase section */
		5CCE091E1E4B5E3F007A121E /* Embed Frameworks */ = {
			isa = PBXCopyFilesBuildPhase;
			buildActionMask = 2147483647;
			dstPath = "";
			dstSubfolderSpec = 10;
			files = (
				5CCE091A1E4B5E3F007A121E /* chatApp.framework in Embed Frameworks */,
			);
			name = "Embed Frameworks";
			runOnlyForDeploymentPostprocessing = 0;
		};
/* End PBXCopyFilesBuildPhase section */

/* Begin PBXFileReference section */
		23C35AF24DD43A4917146C59 /* Pods-chatApp.debug.xcconfig */ = {isa = PBXFileReference; includeInIndex = 1; lastKnownFileType = text.xcconfig; name = "Pods-chatApp.debug.xcconfig"; path = "Pods/Target Support Files/Pods-chatApp/Pods-chatApp.debug.xcconfig"; sourceTree = "<group>"; };
		280DF2AF5AADAC887326074E /* Pods-chatAppTests.release.xcconfig */ = {isa = PBXFileReference; includeInIndex = 1; lastKnownFileType = text.xcconfig; name = "Pods-chatAppTests.release.xcconfig"; path = "Pods/Target Support Files/Pods-chatAppTests/Pods-chatAppTests.release.xcconfig"; sourceTree = "<group>"; };
		56333A150C0674BCC3F1FBD4 /* Pods-chatAppTests.debug.xcconfig */ = {isa = PBXFileReference; includeInIndex = 1; lastKnownFileType = text.xcconfig; name = "Pods-chatAppTests.debug.xcconfig"; path = "Pods/Target Support Files/Pods-chatAppTests/Pods-chatAppTests.debug.xcconfig"; sourceTree = "<group>"; };
		5C032B791E34199400C2416B /* cell.xib */ = {isa = PBXFileReference; fileEncoding = 4; lastKnownFileType = file.xib; path = cell.xib; sourceTree = "<group>"; };
		5C032B851E34484700C2416B /* Conversation.swift */ = {isa = PBXFileReference; fileEncoding = 4; lastKnownFileType = sourcecode.swift; path = Conversation.swift; sourceTree = "<group>"; };
		5C032B871E34485A00C2416B /* DemoConversation.swift */ = {isa = PBXFileReference; fileEncoding = 4; lastKnownFileType = sourcecode.swift; path = DemoConversation.swift; sourceTree = "<group>"; };
		5C08445D1E2F1B820049DD84 /* CustomMessagesCollectionViewCellIncoming.swift */ = {isa = PBXFileReference; fileEncoding = 4; lastKnownFileType = sourcecode.swift; path = CustomMessagesCollectionViewCellIncoming.swift; sourceTree = "<group>"; };
		5C1041421E2F08240093782A /* Main.storyboard */ = {isa = PBXFileReference; fileEncoding = 4; lastKnownFileType = file.storyboard; path = Main.storyboard; sourceTree = "<group>"; };
		5C3B17871E332BC3004D92EB /* CustomMessagesCollectionViewCellOutgoing.swift */ = {isa = PBXFileReference; fileEncoding = 4; lastKnownFileType = sourcecode.swift; path = CustomMessagesCollectionViewCellOutgoing.swift; sourceTree = "<group>"; };
		5C79FD0D1E4252F800339C25 /* DatagramSender.swift */ = {isa = PBXFileReference; fileEncoding = 4; lastKnownFileType = sourcecode.swift; path = DatagramSender.swift; sourceTree = "<group>"; };
		5C79FD111E4258A900339C25 /* ChatDelegator.swift */ = {isa = PBXFileReference; fileEncoding = 4; lastKnownFileType = sourcecode.swift; path = ChatDelegator.swift; sourceTree = "<group>"; };
		5C79FD131E42702900339C25 /* NotificationsNames.swift */ = {isa = PBXFileReference; fileEncoding = 4; lastKnownFileType = sourcecode.swift; path = NotificationsNames.swift; sourceTree = "<group>"; };
		5C80BB6E1E32F7B900E0C3FA /* ConnectionViewController.swift */ = {isa = PBXFileReference; fileEncoding = 4; lastKnownFileType = sourcecode.swift; path = ConnectionViewController.swift; sourceTree = "<group>"; };
		5C90586F1E4A9AEE005D2BBA /* ChatManager.swift */ = {isa = PBXFileReference; fileEncoding = 4; lastKnownFileType = sourcecode.swift; path = ChatManager.swift; sourceTree = "<group>"; };
		5CCE09121E4B5E3F007A121E /* chatApp.framework */ = {isa = PBXFileReference; explicitFileType = wrapper.framework; includeInIndex = 0; path = chatApp.framework; sourceTree = BUILT_PRODUCTS_DIR; };
		5CCE09141E4B5E3F007A121E /* chatApp-iOS.h */ = {isa = PBXFileReference; lastKnownFileType = sourcecode.c.h; path = "chatApp-iOS.h"; sourceTree = "<group>"; };
		5CCE09151E4B5E3F007A121E /* Info.plist */ = {isa = PBXFileReference; lastKnownFileType = text.plist.xml; path = Info.plist; sourceTree = "<group>"; };
		5CDAF55B1E4AC57B008EEB14 /* ChatUsersListViewController.swift */ = {isa = PBXFileReference; fileEncoding = 4; lastKnownFileType = sourcecode.swift; name = ChatUsersListViewController.swift; path = ../ChatUsersListViewController.swift; sourceTree = "<group>"; };
		5CE0209B1E2EC8F2001D696B /* chatApp.app */ = {isa = PBXFileReference; explicitFileType = wrapper.application; includeInIndex = 0; path = chatApp.app; sourceTree = BUILT_PRODUCTS_DIR; };
		5CE0209E1E2EC8F2001D696B /* AppDelegate.swift */ = {isa = PBXFileReference; lastKnownFileType = sourcecode.swift; path = AppDelegate.swift; sourceTree = "<group>"; };
		5CE020A01E2EC8F2001D696B /* ChatViewController.swift */ = {isa = PBXFileReference; lastKnownFileType = sourcecode.swift; path = ChatViewController.swift; sourceTree = "<group>"; };
		5CE020A51E2EC8F2001D696B /* Assets.xcassets */ = {isa = PBXFileReference; lastKnownFileType = folder.assetcatalog; path = Assets.xcassets; sourceTree = "<group>"; };
		5CE020A81E2EC8F2001D696B /* Base */ = {isa = PBXFileReference; lastKnownFileType = file.storyboard; name = Base; path = Base.lproj/LaunchScreen.storyboard; sourceTree = "<group>"; };
		5CE020AA1E2EC8F2001D696B /* Info.plist */ = {isa = PBXFileReference; lastKnownFileType = text.plist.xml; path = Info.plist; sourceTree = "<group>"; };
		5CE020AF1E2EC8F2001D696B /* chatAppTests.xctest */ = {isa = PBXFileReference; explicitFileType = wrapper.cfbundle; includeInIndex = 0; path = chatAppTests.xctest; sourceTree = BUILT_PRODUCTS_DIR; };
		5CE020B31E2EC8F2001D696B /* chatAppTests.swift */ = {isa = PBXFileReference; lastKnownFileType = sourcecode.swift; path = chatAppTests.swift; sourceTree = "<group>"; };
		5CE020B51E2EC8F2001D696B /* Info.plist */ = {isa = PBXFileReference; lastKnownFileType = text.plist.xml; path = Info.plist; sourceTree = "<group>"; };
		5CE020BA1E2EC8F2001D696B /* chatAppUITests.xctest */ = {isa = PBXFileReference; explicitFileType = wrapper.cfbundle; includeInIndex = 0; path = chatAppUITests.xctest; sourceTree = BUILT_PRODUCTS_DIR; };
		5CE020BE1E2EC8F2001D696B /* chatAppUITests.swift */ = {isa = PBXFileReference; lastKnownFileType = sourcecode.swift; path = chatAppUITests.swift; sourceTree = "<group>"; };
		5CE020C01E2EC8F2001D696B /* Info.plist */ = {isa = PBXFileReference; lastKnownFileType = text.plist.xml; path = Info.plist; sourceTree = "<group>"; };
		5CE1BEC11E496948006DB6C0 /* lock.swift */ = {isa = PBXFileReference; fileEncoding = 4; lastKnownFileType = sourcecode.swift; path = lock.swift; sourceTree = "<group>"; };
		5CE591481E3404E4004158F4 /* CustomMessageView.xib */ = {isa = PBXFileReference; fileEncoding = 4; lastKnownFileType = file.xib; path = CustomMessageView.xib; sourceTree = "<group>"; };
		5CE5914A1E3408B8004158F4 /* CustomMessagesCollectionViewCell.swift */ = {isa = PBXFileReference; fileEncoding = 4; lastKnownFileType = sourcecode.swift; path = CustomMessagesCollectionViewCell.swift; sourceTree = "<group>"; };
		5CEC55881E3FE42C00A42F47 /* icons */ = {isa = PBXFileReference; lastKnownFileType = folder; path = icons; sourceTree = "<group>"; };
		70C8BFEDE43FBC2CE96E0A45 /* Pods-chatAppUITests.release.xcconfig */ = {isa = PBXFileReference; includeInIndex = 1; lastKnownFileType = text.xcconfig; name = "Pods-chatAppUITests.release.xcconfig"; path = "Pods/Target Support Files/Pods-chatAppUITests/Pods-chatAppUITests.release.xcconfig"; sourceTree = "<group>"; };
		8B66AE00436E18A52AC17F2C /* Pods-chatApp.release.xcconfig */ = {isa = PBXFileReference; includeInIndex = 1; lastKnownFileType = text.xcconfig; name = "Pods-chatApp.release.xcconfig"; path = "Pods/Target Support Files/Pods-chatApp/Pods-chatApp.release.xcconfig"; sourceTree = "<group>"; };
		948ABF0A9EE5B4DD60A7074A /* Pods_chatApp.framework */ = {isa = PBXFileReference; explicitFileType = wrapper.framework; includeInIndex = 0; path = Pods_chatApp.framework; sourceTree = BUILT_PRODUCTS_DIR; };
		9616EFB5DD781E00C1391283 /* Pods_chatAppUITests.framework */ = {isa = PBXFileReference; explicitFileType = wrapper.framework; includeInIndex = 0; path = Pods_chatAppUITests.framework; sourceTree = BUILT_PRODUCTS_DIR; };
		EC7FA077A67898B388821E40 /* Pods-chatAppUITests.debug.xcconfig */ = {isa = PBXFileReference; includeInIndex = 1; lastKnownFileType = text.xcconfig; name = "Pods-chatAppUITests.debug.xcconfig"; path = "Pods/Target Support Files/Pods-chatAppUITests/Pods-chatAppUITests.debug.xcconfig"; sourceTree = "<group>"; };
		F71B4E6F7153B8D12D5F594F /* Pods_chatAppTests.framework */ = {isa = PBXFileReference; explicitFileType = wrapper.framework; includeInIndex = 0; path = Pods_chatAppTests.framework; sourceTree = BUILT_PRODUCTS_DIR; };
/* End PBXFileReference section */

/* Begin PBXFrameworksBuildPhase section */
		5CCE090E1E4B5E3F007A121E /* Frameworks */ = {
			isa = PBXFrameworksBuildPhase;
			buildActionMask = 2147483647;
			files = (
			);
			runOnlyForDeploymentPostprocessing = 0;
		};
		5CE020981E2EC8F2001D696B /* Frameworks */ = {
			isa = PBXFrameworksBuildPhase;
			buildActionMask = 2147483647;
			files = (
				5CCE09191E4B5E3F007A121E /* chatApp.framework in Frameworks */,
				D69B7D1FB6BF5A48A878B0BD /* Pods_chatApp.framework in Frameworks */,
			);
			runOnlyForDeploymentPostprocessing = 0;
		};
		5CE020AC1E2EC8F2001D696B /* Frameworks */ = {
			isa = PBXFrameworksBuildPhase;
			buildActionMask = 2147483647;
			files = (
				A5CB6AB271321CB7BB42F9CC /* Pods_chatAppTests.framework in Frameworks */,
			);
			runOnlyForDeploymentPostprocessing = 0;
		};
		5CE020B71E2EC8F2001D696B /* Frameworks */ = {
			isa = PBXFrameworksBuildPhase;
			buildActionMask = 2147483647;
			files = (
				4E670EFB0FAD317C20BA1131 /* Pods_chatAppUITests.framework in Frameworks */,
			);
			runOnlyForDeploymentPostprocessing = 0;
		};
/* End PBXFrameworksBuildPhase section */

/* Begin PBXGroup section */
		25F9FDC65EA8F238E12B38A2 /* Pods */ = {
			isa = PBXGroup;
			children = (
				23C35AF24DD43A4917146C59 /* Pods-chatApp.debug.xcconfig */,
				8B66AE00436E18A52AC17F2C /* Pods-chatApp.release.xcconfig */,
				56333A150C0674BCC3F1FBD4 /* Pods-chatAppTests.debug.xcconfig */,
				280DF2AF5AADAC887326074E /* Pods-chatAppTests.release.xcconfig */,
				EC7FA077A67898B388821E40 /* Pods-chatAppUITests.debug.xcconfig */,
				70C8BFEDE43FBC2CE96E0A45 /* Pods-chatAppUITests.release.xcconfig */,
			);
			name = Pods;
			sourceTree = "<group>";
		};
		5C032B831E34470200C2416B /* Not sure if useful */ = {
			isa = PBXGroup;
			children = (
				5C032B791E34199400C2416B /* cell.xib */,
				5C08445D1E2F1B820049DD84 /* CustomMessagesCollectionViewCellIncoming.swift */,
				5CE5914A1E3408B8004158F4 /* CustomMessagesCollectionViewCell.swift */,
				5C3B17871E332BC3004D92EB /* CustomMessagesCollectionViewCellOutgoing.swift */,
				5C032B851E34484700C2416B /* Conversation.swift */,
				5C032B871E34485A00C2416B /* DemoConversation.swift */,
				5CE591481E3404E4004158F4 /* CustomMessageView.xib */,
			);
			name = "Not sure if useful";
			sourceTree = "<group>";
		};
		5C032B841E34472800C2416B /* Base */ = {
			isa = PBXGroup;
			children = (
				5C1041421E2F08240093782A /* Main.storyboard */,
				5CE020A71E2EC8F2001D696B /* LaunchScreen.storyboard */,
			);
			name = Base;
			sourceTree = "<group>";
		};
		5CCE09131E4B5E3F007A121E /* chatApp-iOS */ = {
			isa = PBXGroup;
			children = (
				5CCE09141E4B5E3F007A121E /* chatApp-iOS.h */,
				5CCE09151E4B5E3F007A121E /* Info.plist */,
			);
			path = "chatApp-iOS";
			sourceTree = "<group>";
		};
		5CE020921E2EC8F2001D696B = {
			isa = PBXGroup;
			children = (
				5CE0209D1E2EC8F2001D696B /* chatApp */,
				5CE020B21E2EC8F2001D696B /* chatAppTests */,
				5CE020BD1E2EC8F2001D696B /* chatAppUITests */,
				5CCE09131E4B5E3F007A121E /* chatApp-iOS */,
				5CE0209C1E2EC8F2001D696B /* Products */,
				25F9FDC65EA8F238E12B38A2 /* Pods */,
				6AFBBAC0CCB233DA93F3BB90 /* Frameworks */,
			);
			sourceTree = "<group>";
		};
		5CE0209C1E2EC8F2001D696B /* Products */ = {
			isa = PBXGroup;
			children = (
				5CE0209B1E2EC8F2001D696B /* chatApp.app */,
				5CE020AF1E2EC8F2001D696B /* chatAppTests.xctest */,
				5CE020BA1E2EC8F2001D696B /* chatAppUITests.xctest */,
				5CCE09121E4B5E3F007A121E /* chatApp.framework */,
			);
			name = Products;
			sourceTree = "<group>";
		};
		5CE0209D1E2EC8F2001D696B /* chatApp */ = {
			isa = PBXGroup;
			children = (
				5CE0209E1E2EC8F2001D696B /* AppDelegate.swift */,
				5C032B841E34472800C2416B /* Base */,
				5C032B831E34470200C2416B /* Not sure if useful */,
				5C80BB6E1E32F7B900E0C3FA /* ConnectionViewController.swift */,
				5CE020A01E2EC8F2001D696B /* ChatViewController.swift */,
				5CDAF55B1E4AC57B008EEB14 /* ChatUsersListViewController.swift */,
				5C79FD111E4258A900339C25 /* ChatDelegator.swift */,
				5C90586F1E4A9AEE005D2BBA /* ChatManager.swift */,
				5CEC55881E3FE42C00A42F47 /* icons */,
				5CE020A51E2EC8F2001D696B /* Assets.xcassets */,
				5C79FD0D1E4252F800339C25 /* DatagramSender.swift */,
				5C79FD131E42702900339C25 /* NotificationsNames.swift */,
				5CE1BEC11E496948006DB6C0 /* lock.swift */,
				5CE020AA1E2EC8F2001D696B /* Info.plist */,
			);
			path = chatApp;
			sourceTree = "<group>";
		};
		5CE020B21E2EC8F2001D696B /* chatAppTests */ = {
			isa = PBXGroup;
			children = (
				5CE020B31E2EC8F2001D696B /* chatAppTests.swift */,
				5CE020B51E2EC8F2001D696B /* Info.plist */,
			);
			path = chatAppTests;
			sourceTree = "<group>";
		};
		5CE020BD1E2EC8F2001D696B /* chatAppUITests */ = {
			isa = PBXGroup;
			children = (
				5CE020BE1E2EC8F2001D696B /* chatAppUITests.swift */,
				5CE020C01E2EC8F2001D696B /* Info.plist */,
			);
			path = chatAppUITests;
			sourceTree = "<group>";
		};
		6AFBBAC0CCB233DA93F3BB90 /* Frameworks */ = {
			isa = PBXGroup;
			children = (
				948ABF0A9EE5B4DD60A7074A /* Pods_chatApp.framework */,
				F71B4E6F7153B8D12D5F594F /* Pods_chatAppTests.framework */,
				9616EFB5DD781E00C1391283 /* Pods_chatAppUITests.framework */,
			);
			name = Frameworks;
			sourceTree = "<group>";
		};
/* End PBXGroup section */

/* Begin PBXHeadersBuildPhase section */
		5CCE090F1E4B5E3F007A121E /* Headers */ = {
			isa = PBXHeadersBuildPhase;
			buildActionMask = 2147483647;
			files = (
				5CCE09161E4B5E3F007A121E /* chatApp-iOS.h in Headers */,
			);
			runOnlyForDeploymentPostprocessing = 0;
		};
/* End PBXHeadersBuildPhase section */

/* Begin PBXNativeTarget section */
		5CCE09111E4B5E3F007A121E /* chatApp-iOS */ = {
			isa = PBXNativeTarget;
			buildConfigurationList = 5CCE091D1E4B5E3F007A121E /* Build configuration list for PBXNativeTarget "chatApp-iOS" */;
			buildPhases = (
				5CCE090D1E4B5E3F007A121E /* Sources */,
				5CCE090E1E4B5E3F007A121E /* Frameworks */,
				5CCE090F1E4B5E3F007A121E /* Headers */,
				5CCE09101E4B5E3F007A121E /* Resources */,
			);
			buildRules = (
			);
			dependencies = (
			);
			name = "chatApp-iOS";
			productName = "chatApp-iOS";
			productReference = 5CCE09121E4B5E3F007A121E /* chatApp.framework */;
			productType = "com.apple.product-type.framework";
		};
		5CE0209A1E2EC8F2001D696B /* chatApp */ = {
			isa = PBXNativeTarget;
			buildConfigurationList = 5CE020C31E2EC8F2001D696B /* Build configuration list for PBXNativeTarget "chatApp" */;
			buildPhases = (
				E741A5D95F230730D919732A /* [CP] Check Pods Manifest.lock */,
				5CE020971E2EC8F2001D696B /* Sources */,
				5CE020981E2EC8F2001D696B /* Frameworks */,
				5CE020991E2EC8F2001D696B /* Resources */,
				2BD742E39059551CF7A0050F /* [CP] Embed Pods Frameworks */,
				1D2371AA5238A08FDBF97266 /* [CP] Copy Pods Resources */,
				5CCE091E1E4B5E3F007A121E /* Embed Frameworks */,
			);
			buildRules = (
			);
			dependencies = (
				5CCE09181E4B5E3F007A121E /* PBXTargetDependency */,
			);
			name = chatApp;
			productName = chatApp;
			productReference = 5CE0209B1E2EC8F2001D696B /* chatApp.app */;
			productType = "com.apple.product-type.application";
		};
		5CE020AE1E2EC8F2001D696B /* chatAppTests */ = {
			isa = PBXNativeTarget;
			buildConfigurationList = 5CE020C61E2EC8F2001D696B /* Build configuration list for PBXNativeTarget "chatAppTests" */;
			buildPhases = (
				3A6A66D3F5192CE82D3DA470 /* [CP] Check Pods Manifest.lock */,
				5CE020AB1E2EC8F2001D696B /* Sources */,
				5CE020AC1E2EC8F2001D696B /* Frameworks */,
				5CE020AD1E2EC8F2001D696B /* Resources */,
				A4AC3BA6F03071A67FABCA9A /* [CP] Embed Pods Frameworks */,
				5961F86C4D0342CF0719F879 /* [CP] Copy Pods Resources */,
			);
			buildRules = (
			);
			dependencies = (
				5CE020B11E2EC8F2001D696B /* PBXTargetDependency */,
			);
			name = chatAppTests;
			productName = chatAppTests;
			productReference = 5CE020AF1E2EC8F2001D696B /* chatAppTests.xctest */;
			productType = "com.apple.product-type.bundle.unit-test";
		};
		5CE020B91E2EC8F2001D696B /* chatAppUITests */ = {
			isa = PBXNativeTarget;
			buildConfigurationList = 5CE020C91E2EC8F2001D696B /* Build configuration list for PBXNativeTarget "chatAppUITests" */;
			buildPhases = (
				68F08137D19FF01348F45A1B /* [CP] Check Pods Manifest.lock */,
				5CE020B61E2EC8F2001D696B /* Sources */,
				5CE020B71E2EC8F2001D696B /* Frameworks */,
				5CE020B81E2EC8F2001D696B /* Resources */,
				CE09FCFBBAC3E04D6DAAE7B2 /* [CP] Embed Pods Frameworks */,
				85C6C8386C9D19B41DBA205B /* [CP] Copy Pods Resources */,
			);
			buildRules = (
			);
			dependencies = (
				5CE020BC1E2EC8F2001D696B /* PBXTargetDependency */,
			);
			name = chatAppUITests;
			productName = chatAppUITests;
			productReference = 5CE020BA1E2EC8F2001D696B /* chatAppUITests.xctest */;
			productType = "com.apple.product-type.bundle.ui-testing";
		};
/* End PBXNativeTarget section */

/* Begin PBXProject section */
		5CE020931E2EC8F2001D696B /* Project object */ = {
			isa = PBXProject;
			attributes = {
				LastSwiftUpdateCheck = 0820;
				LastUpgradeCheck = 0820;
				ORGANIZATIONNAME = "Philippe Marcotte";
				TargetAttributes = {
					5CCE09111E4B5E3F007A121E = {
						CreatedOnToolsVersion = 8.2.1;
						DevelopmentTeam = GTEVU7ZB88;
						ProvisioningStyle = Automatic;
					};
					5CE0209A1E2EC8F2001D696B = {
						CreatedOnToolsVersion = 8.2.1;
						DevelopmentTeam = GTEVU7ZB88;
						ProvisioningStyle = Automatic;
					};
					5CE020AE1E2EC8F2001D696B = {
						CreatedOnToolsVersion = 8.2.1;
						DevelopmentTeam = GTEVU7ZB88;
						ProvisioningStyle = Automatic;
						TestTargetID = 5CE0209A1E2EC8F2001D696B;
					};
					5CE020B91E2EC8F2001D696B = {
						CreatedOnToolsVersion = 8.2.1;
						DevelopmentTeam = GTEVU7ZB88;
						ProvisioningStyle = Automatic;
						TestTargetID = 5CE0209A1E2EC8F2001D696B;
					};
				};
			};
			buildConfigurationList = 5CE020961E2EC8F2001D696B /* Build configuration list for PBXProject "chatApp" */;
			compatibilityVersion = "Xcode 3.2";
			developmentRegion = English;
			hasScannedForEncodings = 0;
			knownRegions = (
				en,
				Base,
			);
			mainGroup = 5CE020921E2EC8F2001D696B;
			productRefGroup = 5CE0209C1E2EC8F2001D696B /* Products */;
			projectDirPath = "";
			projectRoot = "";
			targets = (
				5CE0209A1E2EC8F2001D696B /* chatApp */,
				5CE020AE1E2EC8F2001D696B /* chatAppTests */,
				5CE020B91E2EC8F2001D696B /* chatAppUITests */,
				5CCE09111E4B5E3F007A121E /* chatApp-iOS */,
			);
		};
/* End PBXProject section */

/* Begin PBXResourcesBuildPhase section */
		5CCE09101E4B5E3F007A121E /* Resources */ = {
			isa = PBXResourcesBuildPhase;
			buildActionMask = 2147483647;
			files = (
			);
			runOnlyForDeploymentPostprocessing = 0;
		};
		5CE020991E2EC8F2001D696B /* Resources */ = {
			isa = PBXResourcesBuildPhase;
			buildActionMask = 2147483647;
			files = (
				5C032B7A1E34199400C2416B /* cell.xib in Resources */,
				5C1041431E2F08240093782A /* Main.storyboard in Resources */,
				5CE020A91E2EC8F2001D696B /* LaunchScreen.storyboard in Resources */,
				5CEC55891E3FE42C00A42F47 /* icons in Resources */,
				5CE020A61E2EC8F2001D696B /* Assets.xcassets in Resources */,
				5CE591491E3404E4004158F4 /* CustomMessageView.xib in Resources */,
			);
			runOnlyForDeploymentPostprocessing = 0;
		};
		5CE020AD1E2EC8F2001D696B /* Resources */ = {
			isa = PBXResourcesBuildPhase;
			buildActionMask = 2147483647;
			files = (
			);
			runOnlyForDeploymentPostprocessing = 0;
		};
		5CE020B81E2EC8F2001D696B /* Resources */ = {
			isa = PBXResourcesBuildPhase;
			buildActionMask = 2147483647;
			files = (
			);
			runOnlyForDeploymentPostprocessing = 0;
		};
/* End PBXResourcesBuildPhase section */

/* Begin PBXShellScriptBuildPhase section */
		1D2371AA5238A08FDBF97266 /* [CP] Copy Pods Resources */ = {
			isa = PBXShellScriptBuildPhase;
			buildActionMask = 2147483647;
			files = (
			);
			inputPaths = (
			);
			name = "[CP] Copy Pods Resources";
			outputPaths = (
			);
			runOnlyForDeploymentPostprocessing = 0;
			shellPath = /bin/sh;
			shellScript = "\"${SRCROOT}/Pods/Target Support Files/Pods-chatApp/Pods-chatApp-resources.sh\"\n";
			showEnvVarsInLog = 0;
		};
		2BD742E39059551CF7A0050F /* [CP] Embed Pods Frameworks */ = {
			isa = PBXShellScriptBuildPhase;
			buildActionMask = 2147483647;
			files = (
			);
			inputPaths = (
			);
			name = "[CP] Embed Pods Frameworks";
			outputPaths = (
			);
			runOnlyForDeploymentPostprocessing = 0;
			shellPath = /bin/sh;
			shellScript = "\"${SRCROOT}/Pods/Target Support Files/Pods-chatApp/Pods-chatApp-frameworks.sh\"\n";
			showEnvVarsInLog = 0;
		};
		3A6A66D3F5192CE82D3DA470 /* [CP] Check Pods Manifest.lock */ = {
			isa = PBXShellScriptBuildPhase;
			buildActionMask = 2147483647;
			files = (
			);
			inputPaths = (
			);
			name = "[CP] Check Pods Manifest.lock";
			outputPaths = (
			);
			runOnlyForDeploymentPostprocessing = 0;
			shellPath = /bin/sh;
			shellScript = "diff \"${PODS_ROOT}/../Podfile.lock\" \"${PODS_ROOT}/Manifest.lock\" > /dev/null\nif [ $? != 0 ] ; then\n    # print error to STDERR\n    echo \"error: The sandbox is not in sync with the Podfile.lock. Run 'pod install' or update your CocoaPods installation.\" >&2\n    exit 1\nfi\n";
			showEnvVarsInLog = 0;
		};
		5961F86C4D0342CF0719F879 /* [CP] Copy Pods Resources */ = {
			isa = PBXShellScriptBuildPhase;
			buildActionMask = 2147483647;
			files = (
			);
			inputPaths = (
			);
			name = "[CP] Copy Pods Resources";
			outputPaths = (
			);
			runOnlyForDeploymentPostprocessing = 0;
			shellPath = /bin/sh;
			shellScript = "\"${SRCROOT}/Pods/Target Support Files/Pods-chatAppTests/Pods-chatAppTests-resources.sh\"\n";
			showEnvVarsInLog = 0;
		};
		68F08137D19FF01348F45A1B /* [CP] Check Pods Manifest.lock */ = {
			isa = PBXShellScriptBuildPhase;
			buildActionMask = 2147483647;
			files = (
			);
			inputPaths = (
			);
			name = "[CP] Check Pods Manifest.lock";
			outputPaths = (
			);
			runOnlyForDeploymentPostprocessing = 0;
			shellPath = /bin/sh;
			shellScript = "diff \"${PODS_ROOT}/../Podfile.lock\" \"${PODS_ROOT}/Manifest.lock\" > /dev/null\nif [ $? != 0 ] ; then\n    # print error to STDERR\n    echo \"error: The sandbox is not in sync with the Podfile.lock. Run 'pod install' or update your CocoaPods installation.\" >&2\n    exit 1\nfi\n";
			showEnvVarsInLog = 0;
		};
		85C6C8386C9D19B41DBA205B /* [CP] Copy Pods Resources */ = {
			isa = PBXShellScriptBuildPhase;
			buildActionMask = 2147483647;
			files = (
			);
			inputPaths = (
			);
			name = "[CP] Copy Pods Resources";
			outputPaths = (
			);
			runOnlyForDeploymentPostprocessing = 0;
			shellPath = /bin/sh;
			shellScript = "\"${SRCROOT}/Pods/Target Support Files/Pods-chatAppUITests/Pods-chatAppUITests-resources.sh\"\n";
			showEnvVarsInLog = 0;
		};
		A4AC3BA6F03071A67FABCA9A /* [CP] Embed Pods Frameworks */ = {
			isa = PBXShellScriptBuildPhase;
			buildActionMask = 2147483647;
			files = (
			);
			inputPaths = (
			);
			name = "[CP] Embed Pods Frameworks";
			outputPaths = (
			);
			runOnlyForDeploymentPostprocessing = 0;
			shellPath = /bin/sh;
			shellScript = "\"${SRCROOT}/Pods/Target Support Files/Pods-chatAppTests/Pods-chatAppTests-frameworks.sh\"\n";
			showEnvVarsInLog = 0;
		};
		CE09FCFBBAC3E04D6DAAE7B2 /* [CP] Embed Pods Frameworks */ = {
			isa = PBXShellScriptBuildPhase;
			buildActionMask = 2147483647;
			files = (
			);
			inputPaths = (
			);
			name = "[CP] Embed Pods Frameworks";
			outputPaths = (
			);
			runOnlyForDeploymentPostprocessing = 0;
			shellPath = /bin/sh;
			shellScript = "\"${SRCROOT}/Pods/Target Support Files/Pods-chatAppUITests/Pods-chatAppUITests-frameworks.sh\"\n";
			showEnvVarsInLog = 0;
		};
		E741A5D95F230730D919732A /* [CP] Check Pods Manifest.lock */ = {
			isa = PBXShellScriptBuildPhase;
			buildActionMask = 2147483647;
			files = (
			);
			inputPaths = (
			);
			name = "[CP] Check Pods Manifest.lock";
			outputPaths = (
			);
			runOnlyForDeploymentPostprocessing = 0;
			shellPath = /bin/sh;
			shellScript = "diff \"${PODS_ROOT}/../Podfile.lock\" \"${PODS_ROOT}/Manifest.lock\" > /dev/null\nif [ $? != 0 ] ; then\n    # print error to STDERR\n    echo \"error: The sandbox is not in sync with the Podfile.lock. Run 'pod install' or update your CocoaPods installation.\" >&2\n    exit 1\nfi\n";
			showEnvVarsInLog = 0;
		};
/* End PBXShellScriptBuildPhase section */

/* Begin PBXSourcesBuildPhase section */
		5CCE090D1E4B5E3F007A121E /* Sources */ = {
			isa = PBXSourcesBuildPhase;
			buildActionMask = 2147483647;
			files = (
				5CCE091F1E4B5EFA007A121E /* ChatUsersListViewController.swift in Sources */,
			);
			runOnlyForDeploymentPostprocessing = 0;
		};
		5CE020971E2EC8F2001D696B /* Sources */ = {
			isa = PBXSourcesBuildPhase;
			buildActionMask = 2147483647;
			files = (
				5C80BB6F1E32F7B900E0C3FA /* ConnectionViewController.swift in Sources */,
				5C9058701E4A9AEE005D2BBA /* ChatManager.swift in Sources */,
				5C032B861E34484700C2416B /* Conversation.swift in Sources */,
				5CE5914B1E3408B8004158F4 /* CustomMessagesCollectionViewCell.swift in Sources */,
				5C3B17881E332BC3004D92EB /* CustomMessagesCollectionViewCellOutgoing.swift in Sources */,
				5C79FD121E4258A900339C25 /* ChatDelegator.swift in Sources */,
				5C79FD0E1E4252F800339C25 /* DatagramSender.swift in Sources */,
				5CE1BEC21E496948006DB6C0 /* lock.swift in Sources */,
				5C032B881E34485A00C2416B /* DemoConversation.swift in Sources */,
				5CE020A11E2EC8F2001D696B /* ChatViewController.swift in Sources */,
				5C79FD141E42702900339C25 /* NotificationsNames.swift in Sources */,
				5CDAF55C1E4AC57B008EEB14 /* ChatUsersListViewController.swift in Sources */,
				5CE0209F1E2EC8F2001D696B /* AppDelegate.swift in Sources */,
				5C08445E1E2F1B820049DD84 /* CustomMessagesCollectionViewCellIncoming.swift in Sources */,
			);
			runOnlyForDeploymentPostprocessing = 0;
		};
		5CE020AB1E2EC8F2001D696B /* Sources */ = {
			isa = PBXSourcesBuildPhase;
			buildActionMask = 2147483647;
			files = (
				5CE020B41E2EC8F2001D696B /* chatAppTests.swift in Sources */,
			);
			runOnlyForDeploymentPostprocessing = 0;
		};
		5CE020B61E2EC8F2001D696B /* Sources */ = {
			isa = PBXSourcesBuildPhase;
			buildActionMask = 2147483647;
			files = (
				5CE020BF1E2EC8F2001D696B /* chatAppUITests.swift in Sources */,
			);
			runOnlyForDeploymentPostprocessing = 0;
		};
/* End PBXSourcesBuildPhase section */

/* Begin PBXTargetDependency section */
		5CCE09181E4B5E3F007A121E /* PBXTargetDependency */ = {
			isa = PBXTargetDependency;
			target = 5CCE09111E4B5E3F007A121E /* chatApp-iOS */;
			targetProxy = 5CCE09171E4B5E3F007A121E /* PBXContainerItemProxy */;
		};
		5CE020B11E2EC8F2001D696B /* PBXTargetDependency */ = {
			isa = PBXTargetDependency;
			target = 5CE0209A1E2EC8F2001D696B /* chatApp */;
			targetProxy = 5CE020B01E2EC8F2001D696B /* PBXContainerItemProxy */;
		};
		5CE020BC1E2EC8F2001D696B /* PBXTargetDependency */ = {
			isa = PBXTargetDependency;
			target = 5CE0209A1E2EC8F2001D696B /* chatApp */;
			targetProxy = 5CE020BB1E2EC8F2001D696B /* PBXContainerItemProxy */;
		};
/* End PBXTargetDependency section */

/* Begin PBXVariantGroup section */
		5CE020A71E2EC8F2001D696B /* LaunchScreen.storyboard */ = {
			isa = PBXVariantGroup;
			children = (
				5CE020A81E2EC8F2001D696B /* Base */,
			);
			name = LaunchScreen.storyboard;
			sourceTree = "<group>";
		};
/* End PBXVariantGroup section */

/* Begin XCBuildConfiguration section */
		5CCE091B1E4B5E3F007A121E /* Debug */ = {
			isa = XCBuildConfiguration;
			buildSettings = {
				CODE_SIGN_IDENTITY = "";
				CURRENT_PROJECT_VERSION = 1;
				DEFINES_MODULE = YES;
				DEVELOPMENT_TEAM = GTEVU7ZB88;
				DYLIB_COMPATIBILITY_VERSION = 1;
				DYLIB_CURRENT_VERSION = 1;
				DYLIB_INSTALL_NAME_BASE = "@rpath";
				INFOPLIST_FILE = "chatApp-iOS/Info.plist";
				INSTALL_PATH = "$(LOCAL_LIBRARY_DIR)/Frameworks";
				LD_RUNPATH_SEARCH_PATHS = "$(inherited) @executable_path/Frameworks @loader_path/Frameworks";
				PRODUCT_BUNDLE_IDENTIFIER = "philippemarcotte.chatApp-iOS";
				PRODUCT_NAME = chatApp;
				SKIP_INSTALL = YES;
				SWIFT_VERSION = 3.0;
				VERSIONING_SYSTEM = "apple-generic";
				VERSION_INFO_PREFIX = "";
			};
			name = Debug;
		};
		5CCE091C1E4B5E3F007A121E /* Release */ = {
			isa = XCBuildConfiguration;
			buildSettings = {
				CODE_SIGN_IDENTITY = "";
				CURRENT_PROJECT_VERSION = 1;
				DEFINES_MODULE = YES;
				DEVELOPMENT_TEAM = GTEVU7ZB88;
				DYLIB_COMPATIBILITY_VERSION = 1;
				DYLIB_CURRENT_VERSION = 1;
				DYLIB_INSTALL_NAME_BASE = "@rpath";
				INFOPLIST_FILE = "chatApp-iOS/Info.plist";
				INSTALL_PATH = "$(LOCAL_LIBRARY_DIR)/Frameworks";
				LD_RUNPATH_SEARCH_PATHS = "$(inherited) @executable_path/Frameworks @loader_path/Frameworks";
				PRODUCT_BUNDLE_IDENTIFIER = "philippemarcotte.chatApp-iOS";
				PRODUCT_NAME = chatApp;
				SKIP_INSTALL = YES;
				SWIFT_VERSION = 3.0;
				VERSIONING_SYSTEM = "apple-generic";
				VERSION_INFO_PREFIX = "";
			};
			name = Release;
		};
		5CE020C11E2EC8F2001D696B /* Debug */ = {
			isa = XCBuildConfiguration;
			buildSettings = {
				ALWAYS_SEARCH_USER_PATHS = NO;
				CLANG_ANALYZER_NONNULL = YES;
				CLANG_CXX_LANGUAGE_STANDARD = "gnu++0x";
				CLANG_CXX_LIBRARY = "libc++";
				CLANG_ENABLE_MODULES = YES;
				CLANG_ENABLE_OBJC_ARC = YES;
				CLANG_WARN_BOOL_CONVERSION = YES;
				CLANG_WARN_CONSTANT_CONVERSION = YES;
				CLANG_WARN_DIRECT_OBJC_ISA_USAGE = YES_ERROR;
				CLANG_WARN_DOCUMENTATION_COMMENTS = YES;
				CLANG_WARN_EMPTY_BODY = YES;
				CLANG_WARN_ENUM_CONVERSION = YES;
				CLANG_WARN_INFINITE_RECURSION = YES;
				CLANG_WARN_INT_CONVERSION = YES;
				CLANG_WARN_OBJC_ROOT_CLASS = YES_ERROR;
				CLANG_WARN_SUSPICIOUS_MOVE = YES;
				CLANG_WARN_UNREACHABLE_CODE = YES;
				CLANG_WARN__DUPLICATE_METHOD_MATCH = YES;
				"CODE_SIGN_IDENTITY[sdk=iphoneos*]" = "iPhone Developer";
				COPY_PHASE_STRIP = NO;
				DEBUG_INFORMATION_FORMAT = dwarf;
				ENABLE_STRICT_OBJC_MSGSEND = YES;
				ENABLE_TESTABILITY = YES;
				GCC_C_LANGUAGE_STANDARD = gnu99;
				GCC_DYNAMIC_NO_PIC = NO;
				GCC_NO_COMMON_BLOCKS = YES;
				GCC_OPTIMIZATION_LEVEL = 0;
				GCC_PREPROCESSOR_DEFINITIONS = (
					"DEBUG=1",
					"$(inherited)",
				);
				GCC_WARN_64_TO_32_BIT_CONVERSION = YES;
				GCC_WARN_ABOUT_RETURN_TYPE = YES_ERROR;
				GCC_WARN_UNDECLARED_SELECTOR = YES;
				GCC_WARN_UNINITIALIZED_AUTOS = YES_AGGRESSIVE;
				GCC_WARN_UNUSED_FUNCTION = YES;
				GCC_WARN_UNUSED_VARIABLE = YES;
				IPHONEOS_DEPLOYMENT_TARGET = 10.2;
				MTL_ENABLE_DEBUG_INFO = YES;
				ONLY_ACTIVE_ARCH = YES;
				SDKROOT = iphoneos;
				SWIFT_ACTIVE_COMPILATION_CONDITIONS = DEBUG;
				SWIFT_OPTIMIZATION_LEVEL = "-Onone";
				TARGETED_DEVICE_FAMILY = "1,2";
			};
			name = Debug;
		};
		5CE020C21E2EC8F2001D696B /* Release */ = {
			isa = XCBuildConfiguration;
			buildSettings = {
				ALWAYS_SEARCH_USER_PATHS = NO;
				CLANG_ANALYZER_NONNULL = YES;
				CLANG_CXX_LANGUAGE_STANDARD = "gnu++0x";
				CLANG_CXX_LIBRARY = "libc++";
				CLANG_ENABLE_MODULES = YES;
				CLANG_ENABLE_OBJC_ARC = YES;
				CLANG_WARN_BOOL_CONVERSION = YES;
				CLANG_WARN_CONSTANT_CONVERSION = YES;
				CLANG_WARN_DIRECT_OBJC_ISA_USAGE = YES_ERROR;
				CLANG_WARN_DOCUMENTATION_COMMENTS = YES;
				CLANG_WARN_EMPTY_BODY = YES;
				CLANG_WARN_ENUM_CONVERSION = YES;
				CLANG_WARN_INFINITE_RECURSION = YES;
				CLANG_WARN_INT_CONVERSION = YES;
				CLANG_WARN_OBJC_ROOT_CLASS = YES_ERROR;
				CLANG_WARN_SUSPICIOUS_MOVE = YES;
				CLANG_WARN_UNREACHABLE_CODE = YES;
				CLANG_WARN__DUPLICATE_METHOD_MATCH = YES;
				"CODE_SIGN_IDENTITY[sdk=iphoneos*]" = "iPhone Developer";
				COPY_PHASE_STRIP = NO;
				DEBUG_INFORMATION_FORMAT = "dwarf-with-dsym";
				ENABLE_NS_ASSERTIONS = NO;
				ENABLE_STRICT_OBJC_MSGSEND = YES;
				GCC_C_LANGUAGE_STANDARD = gnu99;
				GCC_NO_COMMON_BLOCKS = YES;
				GCC_WARN_64_TO_32_BIT_CONVERSION = YES;
				GCC_WARN_ABOUT_RETURN_TYPE = YES_ERROR;
				GCC_WARN_UNDECLARED_SELECTOR = YES;
				GCC_WARN_UNINITIALIZED_AUTOS = YES_AGGRESSIVE;
				GCC_WARN_UNUSED_FUNCTION = YES;
				GCC_WARN_UNUSED_VARIABLE = YES;
				IPHONEOS_DEPLOYMENT_TARGET = 10.2;
				MTL_ENABLE_DEBUG_INFO = NO;
				SDKROOT = iphoneos;
				SWIFT_OPTIMIZATION_LEVEL = "-Owholemodule";
				TARGETED_DEVICE_FAMILY = "1,2";
				VALIDATE_PRODUCT = YES;
			};
			name = Release;
		};
		5CE020C41E2EC8F2001D696B /* Debug */ = {
			isa = XCBuildConfiguration;
			baseConfigurationReference = 23C35AF24DD43A4917146C59 /* Pods-chatApp.debug.xcconfig */;
			buildSettings = {
				ALWAYS_EMBED_SWIFT_STANDARD_LIBRARIES = YES;
				ASSETCATALOG_COMPILER_APPICON_NAME = AppIcon;
				DEVELOPMENT_TEAM = GTEVU7ZB88;
				INFOPLIST_FILE = chatApp/Info.plist;
				IPHONEOS_DEPLOYMENT_TARGET = 8.0;
				LD_RUNPATH_SEARCH_PATHS = "$(inherited) @executable_path/Frameworks";
				PRODUCT_BUNDLE_IDENTIFIER = "projet-integrateur.chatApp";
				PRODUCT_NAME = "$(TARGET_NAME)";
				SWIFT_VERSION = 3.0;
			};
			name = Debug;
		};
		5CE020C51E2EC8F2001D696B /* Release */ = {
			isa = XCBuildConfiguration;
			baseConfigurationReference = 8B66AE00436E18A52AC17F2C /* Pods-chatApp.release.xcconfig */;
			buildSettings = {
				ALWAYS_EMBED_SWIFT_STANDARD_LIBRARIES = YES;
				ASSETCATALOG_COMPILER_APPICON_NAME = AppIcon;
				DEVELOPMENT_TEAM = GTEVU7ZB88;
				INFOPLIST_FILE = chatApp/Info.plist;
				IPHONEOS_DEPLOYMENT_TARGET = 8.0;
				LD_RUNPATH_SEARCH_PATHS = "$(inherited) @executable_path/Frameworks";
				PRODUCT_BUNDLE_IDENTIFIER = "projet-integrateur.chatApp";
				PRODUCT_NAME = "$(TARGET_NAME)";
				SWIFT_VERSION = 3.0;
			};
			name = Release;
		};
		5CE020C71E2EC8F2001D696B /* Debug */ = {
			isa = XCBuildConfiguration;
			baseConfigurationReference = 56333A150C0674BCC3F1FBD4 /* Pods-chatAppTests.debug.xcconfig */;
			buildSettings = {
				ALWAYS_EMBED_SWIFT_STANDARD_LIBRARIES = YES;
				BUNDLE_LOADER = "$(TEST_HOST)";
				DEVELOPMENT_TEAM = GTEVU7ZB88;
				INFOPLIST_FILE = chatAppTests/Info.plist;
				LD_RUNPATH_SEARCH_PATHS = "$(inherited) @executable_path/Frameworks @loader_path/Frameworks";
				PRODUCT_BUNDLE_IDENTIFIER = "projet-integrateur.chatAppTests";
				PRODUCT_NAME = "$(TARGET_NAME)";
				SWIFT_VERSION = 3.0;
				TEST_HOST = "$(BUILT_PRODUCTS_DIR)/chatApp.app/chatApp";
			};
			name = Debug;
		};
		5CE020C81E2EC8F2001D696B /* Release */ = {
			isa = XCBuildConfiguration;
			baseConfigurationReference = 280DF2AF5AADAC887326074E /* Pods-chatAppTests.release.xcconfig */;
			buildSettings = {
				ALWAYS_EMBED_SWIFT_STANDARD_LIBRARIES = YES;
				BUNDLE_LOADER = "$(TEST_HOST)";
				DEVELOPMENT_TEAM = GTEVU7ZB88;
				INFOPLIST_FILE = chatAppTests/Info.plist;
				LD_RUNPATH_SEARCH_PATHS = "$(inherited) @executable_path/Frameworks @loader_path/Frameworks";
				PRODUCT_BUNDLE_IDENTIFIER = "projet-integrateur.chatAppTests";
				PRODUCT_NAME = "$(TARGET_NAME)";
				SWIFT_VERSION = 3.0;
				TEST_HOST = "$(BUILT_PRODUCTS_DIR)/chatApp.app/chatApp";
			};
			name = Release;
		};
		5CE020CA1E2EC8F2001D696B /* Debug */ = {
			isa = XCBuildConfiguration;
			baseConfigurationReference = EC7FA077A67898B388821E40 /* Pods-chatAppUITests.debug.xcconfig */;
			buildSettings = {
				ALWAYS_EMBED_SWIFT_STANDARD_LIBRARIES = YES;
				DEVELOPMENT_TEAM = GTEVU7ZB88;
				INFOPLIST_FILE = chatAppUITests/Info.plist;
				LD_RUNPATH_SEARCH_PATHS = "$(inherited) @executable_path/Frameworks @loader_path/Frameworks";
				PRODUCT_BUNDLE_IDENTIFIER = "projet-integrateur.chatAppUITests";
				PRODUCT_NAME = "$(TARGET_NAME)";
				SWIFT_VERSION = 3.0;
				TEST_TARGET_NAME = chatApp;
			};
			name = Debug;
		};
		5CE020CB1E2EC8F2001D696B /* Release */ = {
			isa = XCBuildConfiguration;
			baseConfigurationReference = 70C8BFEDE43FBC2CE96E0A45 /* Pods-chatAppUITests.release.xcconfig */;
			buildSettings = {
				ALWAYS_EMBED_SWIFT_STANDARD_LIBRARIES = YES;
				DEVELOPMENT_TEAM = GTEVU7ZB88;
				INFOPLIST_FILE = chatAppUITests/Info.plist;
				LD_RUNPATH_SEARCH_PATHS = "$(inherited) @executable_path/Frameworks @loader_path/Frameworks";
				PRODUCT_BUNDLE_IDENTIFIER = "projet-integrateur.chatAppUITests";
				PRODUCT_NAME = "$(TARGET_NAME)";
				SWIFT_VERSION = 3.0;
				TEST_TARGET_NAME = chatApp;
			};
			name = Release;
		};
/* End XCBuildConfiguration section */

/* Begin XCConfigurationList section */
		5CCE091D1E4B5E3F007A121E /* Build configuration list for PBXNativeTarget "chatApp-iOS" */ = {
			isa = XCConfigurationList;
			buildConfigurations = (
				5CCE091B1E4B5E3F007A121E /* Debug */,
				5CCE091C1E4B5E3F007A121E /* Release */,
			);
			defaultConfigurationIsVisible = 0;
		};
		5CE020961E2EC8F2001D696B /* Build configuration list for PBXProject "chatApp" */ = {
			isa = XCConfigurationList;
			buildConfigurations = (
				5CE020C11E2EC8F2001D696B /* Debug */,
				5CE020C21E2EC8F2001D696B /* Release */,
			);
			defaultConfigurationIsVisible = 0;
			defaultConfigurationName = Release;
		};
		5CE020C31E2EC8F2001D696B /* Build configuration list for PBXNativeTarget "chatApp" */ = {
			isa = XCConfigurationList;
			buildConfigurations = (
				5CE020C41E2EC8F2001D696B /* Debug */,
				5CE020C51E2EC8F2001D696B /* Release */,
			);
			defaultConfigurationIsVisible = 0;
			defaultConfigurationName = Release;
		};
		5CE020C61E2EC8F2001D696B /* Build configuration list for PBXNativeTarget "chatAppTests" */ = {
			isa = XCConfigurationList;
			buildConfigurations = (
				5CE020C71E2EC8F2001D696B /* Debug */,
				5CE020C81E2EC8F2001D696B /* Release */,
			);
			defaultConfigurationIsVisible = 0;
			defaultConfigurationName = Release;
		};
		5CE020C91E2EC8F2001D696B /* Build configuration list for PBXNativeTarget "chatAppUITests" */ = {
			isa = XCConfigurationList;
			buildConfigurations = (
				5CE020CA1E2EC8F2001D696B /* Debug */,
				5CE020CB1E2EC8F2001D696B /* Release */,
			);
			defaultConfigurationIsVisible = 0;
			defaultConfigurationName = Release;
		};
/* End XCConfigurationList section */
	};
	rootObject = 5CE020931E2EC8F2001D696B /* Project object */;
}
